{
    "_meta": {
        "hash": {
            "sha256": "e903d9a1ff7e2988930644064d9d1f051e6b7706f6428d7cb685d9e993391c44"
        },
        "pipfile-spec": 6,
        "requires": {
            "python_full_version": "3.11.5",
            "python_version": "3.11"
        },
        "sources": [
            {
                "name": "pypi",
                "url": "https://pypi.org/simple",
                "verify_ssl": true
            }
        ]
    },
    "default": {
        "asgiref": {
            "hashes": [
                "sha256:3e1e3ecc849832fe52ccf2cb6686b7a55f82bb1d6aee72a58826471390335e47",
                "sha256:c343bd80a0bec947a9860adb4c432ffa7db769836c64238fc34bdc3fec84d590"
            ],
            "markers": "python_version >= '3.8'",
            "version": "==3.8.1"
        },
        "django": {
            "hashes": [
                "sha256:4bd01a8c830bb77a8a3b0e7d8b25b887e536ad17a81ba2dce5476135c73312bd",
                "sha256:916423499d75d62da7aa038d19aef23d23498d8df229775eb0a6309ee1013775"
            ],
            "index": "pypi",
            "markers": "python_version >= '3.10'",
            "version": "==5.0.4"
        },
        "django-classy-tags": {
            "hashes": [
                "sha256:1c784cf1bac49c20a77b8f7d1541867c64076642a160a847ff449588d4e01e55",
                "sha256:c8d9d1aa2fa6e71c4d866df4dd11d23a69b8d25bbb750b2490a17b161774ee59"
            ],
            "markers": "python_version >= '3.8'",
            "version": "==4.1.0"
        },
        "django-cms": {
            "hashes": [
                "sha256:860a7e4045cde2ec22c0090d437f0110630ef8d9959b9a3b7cee2039c76687fb",
                "sha256:a46a58d8a2388e6e6b3f2dd5c884d902d0de6621dbca3c5e8705a4c31200e665"
            ],
            "index": "pypi",
            "markers": "python_version >= '3.8'",
            "version": "==4.1.0"
        },
        "django-formtools": {
            "hashes": [
                "sha256:47cb34552c6efca088863d693284d04fc36eaaf350eb21e1a1d935e0df523c93",
                "sha256:bce9b64eda52cc1eef6961cc649cf75aacd1a707c2fff08d6c3efcbc8e7e761a"
            ],
            "markers": "python_version >= '3.8'",
            "version": "==2.5.1"
        },
        "django-sekizai": {
            "hashes": [
                "sha256:2aca36cbae0b5c0cefed9565416ec442335767fb3145bff11e58622fc653cdad",
                "sha256:aa12e66ba0335fbe726b7d74cf4e8716b89a0be99a1304a9b9e8b191229e2e4a"
            ],
            "markers": "python_version >= '3.8'",
            "version": "==4.1.0"
        },
        "django-treebeard": {
            "hashes": [
                "sha256:846e462904b437155f76e04907ba4e48480716855f88b898df4122bdcfbd6e98",
                "sha256:995c7120153ab999898fe3043bbdcd8a0fc77cc106eb94de7350e9d02c885135"
            ],
            "markers": "python_version >= '3.8'",
            "version": "==4.7.1"
        },
        "djangocms-admin-style": {
            "hashes": [
                "sha256:9b76aafda245205e0a88d57efd5097a96c1a7fcb78d7f3efa50955eb980079de",
                "sha256:da20de3831f1a1a74de33fe12bbd3865a0027a982878c02aa1d102b1c799d767"
            ],
            "markers": "python_version >= '3.7'",
            "version": "==3.3.1"
        },
        "packaging": {
            "hashes": [
                "sha256:2ddfb553fdf02fb784c234c7ba6ccc288296ceabec964ad2eae3777778130bc5",
                "sha256:eb82c5e3e56209074766e6885bb04b8c38a0c015d0a30036ebe7ece34c9989e9"
            ],
            "markers": "python_version >= '3.7'",
            "version": "==24.0"
        },
        "psycopg2": {
            "hashes": [
                "sha256:121081ea2e76729acfb0673ff33755e8703d45e926e416cb59bae3a86c6a4981",
                "sha256:38a8dcc6856f569068b47de286b472b7c473ac7977243593a288ebce0dc89516",
                "sha256:426f9f29bde126913a20a96ff8ce7d73fd8a216cfb323b1f04da402d452853c3",
                "sha256:5e0d98cade4f0e0304d7d6f25bbfbc5bd186e07b38eac65379309c4ca3193efa",
                "sha256:7e2dacf8b009a1c1e843b5213a87f7c544b2b042476ed7755be813eaf4e8347a",
                "sha256:a7653d00b732afb6fc597e29c50ad28087dcb4fbfb28e86092277a559ae4e693",
                "sha256:ade01303ccf7ae12c356a5e10911c9e1c51136003a9a1d92f7aa9d010fb98372",
                "sha256:bac58c024c9922c23550af2a581998624d6e02350f4ae9c5f0bc642c633a2d5e",
                "sha256:c92811b2d4c9b6ea0285942b2e7cac98a59e166d59c588fe5cfe1eda58e72d59",
                "sha256:d1454bde93fb1e224166811694d600e746430c006fbb031ea06ecc2ea41bf156",
                "sha256:d735786acc7dd25815e89cc4ad529a43af779db2e25aa7c626de864127e5a024",
                "sha256:de80739447af31525feddeb8effd640782cf5998e1a4e9192ebdf829717e3913",
                "sha256:ff432630e510709564c01dafdbe996cb552e0b9f3f065eb89bdce5bd31fabf4c"
            ],
            "index": "pypi",
            "markers": "python_version >= '3.7'",
            "version": "==2.9.9"
        },
        "setuptools": {
            "hashes": [
                "sha256:6c1fccdac05a97e598fb0ae3bbed5904ccb317337a51139dcd51453611bbb987",
                "sha256:c636ac361bc47580504644275c9ad802c50415c7522212252c033bd15f301f32"
            ],
            "markers": "python_version >= '3.8'",
            "version": "==69.5.1"
        },
        "sqlparse": {
            "hashes": [
                "sha256:714d0a4932c059d16189f58ef5411ec2287a4360f17cdd0edd2d09d4c5087c93",
                "sha256:c204494cd97479d0e39f28c93d46c0b2d5959c7b9ab904762ea6c7af211c8663"
            ],
            "markers": "python_version >= '3.8'",
            "version": "==0.5.0"
        },
        "tzdata": {
            "hashes": [
                "sha256:2674120f8d891909751c38abcdfd386ac0a5a1127954fbc332af6b5ceae07efd",
                "sha256:9068bc196136463f5245e51efda838afa15aaeca9903f49050dfa2679db4d252"
            ],
            "markers": "sys_platform == 'win32'",
            "version": "==2024.1"
        }
    },
    "develop": {}
}
